
Microsoft Visual Studio Solution File, Format Version 12.00
# Visual Studio Version 17
VisualStudioVersion = 17.6.33723.286
MinimumVisualStudioVersion = 10.0.40219.1
Project("{9A19103F-16F7-4668-BE54-9A1E7A4F7556}") = "Blogv2", "Blogv2.csproj", "{6584FED2-3F72-4C75-A83E-414411E07B29}"
EndProject
Global
	GlobalSection(SolutionConfigurationPlatforms) = preSolution
		Debug|Any CPU = Debug|Any CPU
		Release|Any CPU = Release|Any CPU
	EndGlobalSection
	GlobalSection(ProjectConfigurationPlatforms) = postSolution
		{6584FED2-3F72-4C75-A83E-414411E07B29}.Debug|Any CPU.ActiveCfg = Debug|Any CPU
		{6584FED2-3F72-4C75-A83E-414411E07B29}.Debug|Any CPU.Build.0 = Debug|Any CPU
		{6584FED2-3F72-4C75-A83E-414411E07B29}.Release|Any CPU.ActiveCfg = Release|Any CPU
		{6584FED2-3F72-4C75-A83E-414411E07B29}.Release|Any CPU.Build.0 = Release|Any CPU
	EndGlobalSection
	GlobalSection(SolutionProperties) = preSolution
		HideSolutionNode = FALSE
	EndGlobalSection
	GlobalSection(ExtensibilityGlobals) = postSolution
		SolutionGuid = {3CA73128-44A2-4A2B-9B5E-DA99F6B106C5}
	EndGlobalSection
EndGlobal
